// !$*UTF8*$!
{
	archiveVersion = 1;
	classes = {
	};
	objectVersion = 55;
	objects = {

/* Begin PBXBuildFile section */
		FE2FD3AB2725A5460090A5C3 /* ModelRequestForHistory.swift in Sources */ = {isa = PBXBuildFile; fileRef = FE2FD3AA2725A5460090A5C3 /* ModelRequestForHistory.swift */; };
		FE4CE92327237A0A00FC37D0 /* AppDelegate.swift in Sources */ = {isa = PBXBuildFile; fileRef = FE4CE92227237A0A00FC37D0 /* AppDelegate.swift */; };
		FE4CE92527237A0A00FC37D0 /* SceneDelegate.swift in Sources */ = {isa = PBXBuildFile; fileRef = FE4CE92427237A0A00FC37D0 /* SceneDelegate.swift */; };
		FE4CE92727237A0A00FC37D0 /* RootViewController.swift in Sources */ = {isa = PBXBuildFile; fileRef = FE4CE92627237A0A00FC37D0 /* RootViewController.swift */; };
		FE4CE92A27237A0A00FC37D0 /* Main.storyboard in Resources */ = {isa = PBXBuildFile; fileRef = FE4CE92827237A0A00FC37D0 /* Main.storyboard */; };
		FE4CE92C27237A1100FC37D0 /* Assets.xcassets in Resources */ = {isa = PBXBuildFile; fileRef = FE4CE92B27237A1100FC37D0 /* Assets.xcassets */; };
		FE4CE92F27237A1100FC37D0 /* LaunchScreen.storyboard in Resources */ = {isa = PBXBuildFile; fileRef = FE4CE92D27237A1100FC37D0 /* LaunchScreen.storyboard */; };
		FE4CE93827237B2800FC37D0 /* SearchViewController.swift in Sources */ = {isa = PBXBuildFile; fileRef = FE4CE93727237B2800FC37D0 /* SearchViewController.swift */; };
		FE4CE93A27237B4B00FC37D0 /* SearchInteractor.swift in Sources */ = {isa = PBXBuildFile; fileRef = FE4CE93927237B4B00FC37D0 /* SearchInteractor.swift */; };
		FE4CE93C27237B6300FC37D0 /* SearchPresenter.swift in Sources */ = {isa = PBXBuildFile; fileRef = FE4CE93B27237B6300FC37D0 /* SearchPresenter.swift */; };
		FE4CE93E27237B7500FC37D0 /* SearchRouter.swift in Sources */ = {isa = PBXBuildFile; fileRef = FE4CE93D27237B7500FC37D0 /* SearchRouter.swift */; };
		FE4CE94027237B8400FC37D0 /* SearchModule.swift in Sources */ = {isa = PBXBuildFile; fileRef = FE4CE93F27237B8400FC37D0 /* SearchModule.swift */; };
		FE4CE94327237DCE00FC37D0 /* HistoryViewController.swift in Sources */ = {isa = PBXBuildFile; fileRef = FE4CE94227237DCE00FC37D0 /* HistoryViewController.swift */; };
		FE4CE94527237DDF00FC37D0 /* HistoryInteractor.swift in Sources */ = {isa = PBXBuildFile; fileRef = FE4CE94427237DDF00FC37D0 /* HistoryInteractor.swift */; };
		FE4CE94727237DEC00FC37D0 /* HistoryPresenter.swift in Sources */ = {isa = PBXBuildFile; fileRef = FE4CE94627237DEC00FC37D0 /* HistoryPresenter.swift */; };
		FE4CE94927237DF900FC37D0 /* HistoryRouter.swift in Sources */ = {isa = PBXBuildFile; fileRef = FE4CE94827237DF800FC37D0 /* HistoryRouter.swift */; };
		FE4CE94B27237E0400FC37D0 /* HistoryModule.swift in Sources */ = {isa = PBXBuildFile; fileRef = FE4CE94A27237E0400FC37D0 /* HistoryModule.swift */; };
		FE4CE94E2723802C00FC37D0 /* AlbumsCollectionViewCell.swift in Sources */ = {isa = PBXBuildFile; fileRef = FE4CE94D2723802C00FC37D0 /* AlbumsCollectionViewCell.swift */; };
		FE4CE9512723806700FC37D0 /* SnapKit in Frameworks */ = {isa = PBXBuildFile; productRef = FE4CE9502723806700FC37D0 /* SnapKit */; };
		FE4CE954272380E000FC37D0 /* Network.swift in Sources */ = {isa = PBXBuildFile; fileRef = FE4CE953272380DF00FC37D0 /* Network.swift */; };
		FE4CE9562723811800FC37D0 /* ModelAlbum.swift in Sources */ = {isa = PBXBuildFile; fileRef = FE4CE9552723811800FC37D0 /* ModelAlbum.swift */; };
		FE4CE9592723FC6E00FC37D0 /* TracksViewController.swift in Sources */ = {isa = PBXBuildFile; fileRef = FE4CE9582723FC6E00FC37D0 /* TracksViewController.swift */; };
		FE4CE95B2723FC9700FC37D0 /* ModuleTracksView.swift in Sources */ = {isa = PBXBuildFile; fileRef = FE4CE95A2723FC9700FC37D0 /* ModuleTracksView.swift */; };
		FE4CE95D2723FD1300FC37D0 /* ModelTracks.swift in Sources */ = {isa = PBXBuildFile; fileRef = FE4CE95C2723FD1300FC37D0 /* ModelTracks.swift */; };
		FE4CE95F2723FD6E00FC37D0 /* TracksInteractor.swift in Sources */ = {isa = PBXBuildFile; fileRef = FE4CE95E2723FD6E00FC37D0 /* TracksInteractor.swift */; };
		FE4CE9612723FD7A00FC37D0 /* TracksPresenter.swift in Sources */ = {isa = PBXBuildFile; fileRef = FE4CE9602723FD7A00FC37D0 /* TracksPresenter.swift */; };
		FE4CE9632723FD9200FC37D0 /* TracksRouter.swift in Sources */ = {isa = PBXBuildFile; fileRef = FE4CE9622723FD9200FC37D0 /* TracksRouter.swift */; };
		FE4CE96527242D0A00FC37D0 /* TracksTableViewCell.swift in Sources */ = {isa = PBXBuildFile; fileRef = FE4CE96427242D0A00FC37D0 /* TracksTableViewCell.swift */; };
		FE4CE96827247D0E00FC37D0 /* Realm in Frameworks */ = {isa = PBXBuildFile; productRef = FE4CE96727247D0E00FC37D0 /* Realm */; };
		FE4CE96A27247D0E00FC37D0 /* RealmSwift in Frameworks */ = {isa = PBXBuildFile; productRef = FE4CE96927247D0E00FC37D0 /* RealmSwift */; };
		FE4CE96D27247EE300FC37D0 /* ModelManager.swift in Sources */ = {isa = PBXBuildFile; fileRef = FE4CE96C27247EE300FC37D0 /* ModelManager.swift */; };
		FE4CE96F27247EFF00FC37D0 /* ModelHistory.swift in Sources */ = {isa = PBXBuildFile; fileRef = FE4CE96E27247EFF00FC37D0 /* ModelHistory.swift */; };
		FEB4F47D2AB0FA8A000EA035 /* AuthViewController.swift in Sources */ = {isa = PBXBuildFile; fileRef = FEB4F47C2AB0FA8A000EA035 /* AuthViewController.swift */; };
		FEB4F47F2AB100A7000EA035 /* AuthRegConfiguration.swift in Sources */ = {isa = PBXBuildFile; fileRef = FEB4F47E2AB100A7000EA035 /* AuthRegConfiguration.swift */; };
		FEB4F4812AB10161000EA035 /* AppCoordinator.swift in Sources */ = {isa = PBXBuildFile; fileRef = FEB4F4802AB10161000EA035 /* AppCoordinator.swift */; };
		FEB4F4832AB10836000EA035 /* ModelUser.swift in Sources */ = {isa = PBXBuildFile; fileRef = FEB4F4822AB10836000EA035 /* ModelUser.swift */; };
		FEB4F4862AB11050000EA035 /* SpecialViewController.swift in Sources */ = {isa = PBXBuildFile; fileRef = FEB4F4852AB11050000EA035 /* SpecialViewController.swift */; };
		FEB4F4882AB11083000EA035 /* SpecialInteractor.swift in Sources */ = {isa = PBXBuildFile; fileRef = FEB4F4872AB11083000EA035 /* SpecialInteractor.swift */; };
		FEB4F48A2AB110A7000EA035 /* SpecialPresenter.swift in Sources */ = {isa = PBXBuildFile; fileRef = FEB4F4892AB110A7000EA035 /* SpecialPresenter.swift */; };
		FEB4F48C2AB110C8000EA035 /* SpecialModule.swift in Sources */ = {isa = PBXBuildFile; fileRef = FEB4F48B2AB110C8000EA035 /* SpecialModule.swift */; };
		FEB4F48F2AB112AE000EA035 /* SpecialCollectionViewCell.swift in Sources */ = {isa = PBXBuildFile; fileRef = FEB4F48E2AB112AE000EA035 /* SpecialCollectionViewCell.swift */; };
/* End PBXBuildFile section */

/* Begin PBXFileReference section */
		FE2FD3AA2725A5460090A5C3 /* ModelRequestForHistory.swift */ = {isa = PBXFileReference; lastKnownFileType = sourcecode.swift; path = ModelRequestForHistory.swift; sourceTree = "<group>"; };
		FE4CE91F27237A0A00FC37D0 /* Fora Soft Test.app */ = {isa = PBXFileReference; explicitFileType = wrapper.application; includeInIndex = 0; path = "Fora Soft Test.app"; sourceTree = BUILT_PRODUCTS_DIR; };
		FE4CE92227237A0A00FC37D0 /* AppDelegate.swift */ = {isa = PBXFileReference; lastKnownFileType = sourcecode.swift; path = AppDelegate.swift; sourceTree = "<group>"; };
		FE4CE92427237A0A00FC37D0 /* SceneDelegate.swift */ = {isa = PBXFileReference; lastKnownFileType = sourcecode.swift; path = SceneDelegate.swift; sourceTree = "<group>"; };
		FE4CE92627237A0A00FC37D0 /* RootViewController.swift */ = {isa = PBXFileReference; lastKnownFileType = sourcecode.swift; path = RootViewController.swift; sourceTree = "<group>"; };
		FE4CE92927237A0A00FC37D0 /* Base */ = {isa = PBXFileReference; lastKnownFileType = file.storyboard; name = Base; path = Base.lproj/Main.storyboard; sourceTree = "<group>"; };
		FE4CE92B27237A1100FC37D0 /* Assets.xcassets */ = {isa = PBXFileReference; lastKnownFileType = folder.assetcatalog; path = Assets.xcassets; sourceTree = "<group>"; };
		FE4CE92E27237A1100FC37D0 /* Base */ = {isa = PBXFileReference; lastKnownFileType = file.storyboard; name = Base; path = Base.lproj/LaunchScreen.storyboard; sourceTree = "<group>"; };
		FE4CE93027237A1100FC37D0 /* Info.plist */ = {isa = PBXFileReference; lastKnownFileType = text.plist.xml; path = Info.plist; sourceTree = "<group>"; };
		FE4CE93727237B2800FC37D0 /* SearchViewController.swift */ = {isa = PBXFileReference; lastKnownFileType = sourcecode.swift; path = SearchViewController.swift; sourceTree = "<group>"; };
		FE4CE93927237B4B00FC37D0 /* SearchInteractor.swift */ = {isa = PBXFileReference; lastKnownFileType = sourcecode.swift; path = SearchInteractor.swift; sourceTree = "<group>"; };
		FE4CE93B27237B6300FC37D0 /* SearchPresenter.swift */ = {isa = PBXFileReference; lastKnownFileType = sourcecode.swift; path = SearchPresenter.swift; sourceTree = "<group>"; };
		FE4CE93D27237B7500FC37D0 /* SearchRouter.swift */ = {isa = PBXFileReference; lastKnownFileType = sourcecode.swift; path = SearchRouter.swift; sourceTree = "<group>"; };
		FE4CE93F27237B8400FC37D0 /* SearchModule.swift */ = {isa = PBXFileReference; lastKnownFileType = sourcecode.swift; path = SearchModule.swift; sourceTree = "<group>"; };
		FE4CE94227237DCE00FC37D0 /* HistoryViewController.swift */ = {isa = PBXFileReference; lastKnownFileType = sourcecode.swift; path = HistoryViewController.swift; sourceTree = "<group>"; };
		FE4CE94427237DDF00FC37D0 /* HistoryInteractor.swift */ = {isa = PBXFileReference; lastKnownFileType = sourcecode.swift; path = HistoryInteractor.swift; sourceTree = "<group>"; };
		FE4CE94627237DEC00FC37D0 /* HistoryPresenter.swift */ = {isa = PBXFileReference; lastKnownFileType = sourcecode.swift; path = HistoryPresenter.swift; sourceTree = "<group>"; };
		FE4CE94827237DF800FC37D0 /* HistoryRouter.swift */ = {isa = PBXFileReference; lastKnownFileType = sourcecode.swift; path = HistoryRouter.swift; sourceTree = "<group>"; };
		FE4CE94A27237E0400FC37D0 /* HistoryModule.swift */ = {isa = PBXFileReference; lastKnownFileType = sourcecode.swift; path = HistoryModule.swift; sourceTree = "<group>"; };
		FE4CE94D2723802C00FC37D0 /* AlbumsCollectionViewCell.swift */ = {isa = PBXFileReference; lastKnownFileType = sourcecode.swift; path = AlbumsCollectionViewCell.swift; sourceTree = "<group>"; };
		FE4CE953272380DF00FC37D0 /* Network.swift */ = {isa = PBXFileReference; lastKnownFileType = sourcecode.swift; path = Network.swift; sourceTree = "<group>"; };
		FE4CE9552723811800FC37D0 /* ModelAlbum.swift */ = {isa = PBXFileReference; lastKnownFileType = sourcecode.swift; path = ModelAlbum.swift; sourceTree = "<group>"; };
		FE4CE9582723FC6E00FC37D0 /* TracksViewController.swift */ = {isa = PBXFileReference; lastKnownFileType = sourcecode.swift; path = TracksViewController.swift; sourceTree = "<group>"; };
		FE4CE95A2723FC9700FC37D0 /* ModuleTracksView.swift */ = {isa = PBXFileReference; lastKnownFileType = sourcecode.swift; path = ModuleTracksView.swift; sourceTree = "<group>"; };
		FE4CE95C2723FD1300FC37D0 /* ModelTracks.swift */ = {isa = PBXFileReference; lastKnownFileType = sourcecode.swift; path = ModelTracks.swift; sourceTree = "<group>"; };
		FE4CE95E2723FD6E00FC37D0 /* TracksInteractor.swift */ = {isa = PBXFileReference; lastKnownFileType = sourcecode.swift; path = TracksInteractor.swift; sourceTree = "<group>"; };
		FE4CE9602723FD7A00FC37D0 /* TracksPresenter.swift */ = {isa = PBXFileReference; lastKnownFileType = sourcecode.swift; path = TracksPresenter.swift; sourceTree = "<group>"; };
		FE4CE9622723FD9200FC37D0 /* TracksRouter.swift */ = {isa = PBXFileReference; lastKnownFileType = sourcecode.swift; path = TracksRouter.swift; sourceTree = "<group>"; };
		FE4CE96427242D0A00FC37D0 /* TracksTableViewCell.swift */ = {isa = PBXFileReference; lastKnownFileType = sourcecode.swift; path = TracksTableViewCell.swift; sourceTree = "<group>"; };
		FE4CE96C27247EE300FC37D0 /* ModelManager.swift */ = {isa = PBXFileReference; lastKnownFileType = sourcecode.swift; path = ModelManager.swift; sourceTree = "<group>"; };
		FE4CE96E27247EFF00FC37D0 /* ModelHistory.swift */ = {isa = PBXFileReference; lastKnownFileType = sourcecode.swift; path = ModelHistory.swift; sourceTree = "<group>"; };
		FEB4F47C2AB0FA8A000EA035 /* AuthViewController.swift */ = {isa = PBXFileReference; lastKnownFileType = sourcecode.swift; path = AuthViewController.swift; sourceTree = "<group>"; };
		FEB4F47E2AB100A7000EA035 /* AuthRegConfiguration.swift */ = {isa = PBXFileReference; lastKnownFileType = sourcecode.swift; path = AuthRegConfiguration.swift; sourceTree = "<group>"; };
		FEB4F4802AB10161000EA035 /* AppCoordinator.swift */ = {isa = PBXFileReference; lastKnownFileType = sourcecode.swift; path = AppCoordinator.swift; sourceTree = "<group>"; };
		FEB4F4822AB10836000EA035 /* ModelUser.swift */ = {isa = PBXFileReference; lastKnownFileType = sourcecode.swift; path = ModelUser.swift; sourceTree = "<group>"; };
		FEB4F4852AB11050000EA035 /* SpecialViewController.swift */ = {isa = PBXFileReference; lastKnownFileType = sourcecode.swift; path = SpecialViewController.swift; sourceTree = "<group>"; };
		FEB4F4872AB11083000EA035 /* SpecialInteractor.swift */ = {isa = PBXFileReference; lastKnownFileType = sourcecode.swift; path = SpecialInteractor.swift; sourceTree = "<group>"; };
		FEB4F4892AB110A7000EA035 /* SpecialPresenter.swift */ = {isa = PBXFileReference; lastKnownFileType = sourcecode.swift; path = SpecialPresenter.swift; sourceTree = "<group>"; };
		FEB4F48B2AB110C8000EA035 /* SpecialModule.swift */ = {isa = PBXFileReference; lastKnownFileType = sourcecode.swift; path = SpecialModule.swift; sourceTree = "<group>"; };
		FEB4F48E2AB112AE000EA035 /* SpecialCollectionViewCell.swift */ = {isa = PBXFileReference; lastKnownFileType = sourcecode.swift; path = SpecialCollectionViewCell.swift; sourceTree = "<group>"; };
/* End PBXFileReference section */

/* Begin PBXFrameworksBuildPhase section */
		FE4CE91C27237A0A00FC37D0 /* Frameworks */ = {
			isa = PBXFrameworksBuildPhase;
			buildActionMask = 2147483647;
			files = (
				FE4CE96A27247D0E00FC37D0 /* RealmSwift in Frameworks */,
				FE4CE96827247D0E00FC37D0 /* Realm in Frameworks */,
				FE4CE9512723806700FC37D0 /* SnapKit in Frameworks */,
			);
			runOnlyForDeploymentPostprocessing = 0;
		};
/* End PBXFrameworksBuildPhase section */

/* Begin PBXGroup section */
		FE4CE91627237A0A00FC37D0 = {
			isa = PBXGroup;
			children = (
				FE4CE92127237A0A00FC37D0 /* Fora Soft Test */,
				FE4CE92027237A0A00FC37D0 /* Products */,
			);
			sourceTree = "<group>";
		};
		FE4CE92027237A0A00FC37D0 /* Products */ = {
			isa = PBXGroup;
			children = (
				FE4CE91F27237A0A00FC37D0 /* Fora Soft Test.app */,
			);
			name = Products;
			sourceTree = "<group>";
		};
		FE4CE92127237A0A00FC37D0 /* Fora Soft Test */ = {
			isa = PBXGroup;
			children = (
				FEB4F4772AB0FA31000EA035 /* App */,
				FEB4F4762AB0FA24000EA035 /* Api Manager */,
				FEB4F4752AB0FA1A000EA035 /* Domain */,
				FEB4F4742AB0FA0B000EA035 /* UI */,
				FE4CE92827237A0A00FC37D0 /* Main.storyboard */,
				FE4CE93027237A1100FC37D0 /* Info.plist */,
			);
			path = "Fora Soft Test";
			sourceTree = "<group>";
		};
		FE4CE93627237B0E00FC37D0 /* SearchView */ = {
			isa = PBXGroup;
			children = (
				FE4CE94C27237FC800FC37D0 /* AlbumsCollection */,
				FE4CE93727237B2800FC37D0 /* SearchViewController.swift */,
				FE4CE93927237B4B00FC37D0 /* SearchInteractor.swift */,
				FE4CE93B27237B6300FC37D0 /* SearchPresenter.swift */,
				FE4CE93D27237B7500FC37D0 /* SearchRouter.swift */,
				FE4CE93F27237B8400FC37D0 /* SearchModule.swift */,
			);
			path = SearchView;
			sourceTree = "<group>";
		};
		FE4CE94127237DA500FC37D0 /* HistoryView */ = {
			isa = PBXGroup;
			children = (
				FE4CE94227237DCE00FC37D0 /* HistoryViewController.swift */,
				FE4CE94427237DDF00FC37D0 /* HistoryInteractor.swift */,
				FE4CE94627237DEC00FC37D0 /* HistoryPresenter.swift */,
				FE4CE94827237DF800FC37D0 /* HistoryRouter.swift */,
				FE4CE94A27237E0400FC37D0 /* HistoryModule.swift */,
			);
			path = HistoryView;
			sourceTree = "<group>";
		};
		FE4CE94C27237FC800FC37D0 /* AlbumsCollection */ = {
			isa = PBXGroup;
			children = (
				FE4CE94D2723802C00FC37D0 /* AlbumsCollectionViewCell.swift */,
			);
			path = AlbumsCollection;
			sourceTree = "<group>";
		};
		FE4CE9572723FC4100FC37D0 /* TracksView */ = {
			isa = PBXGroup;
			children = (
				FE4CE9582723FC6E00FC37D0 /* TracksViewController.swift */,
				FE4CE95A2723FC9700FC37D0 /* ModuleTracksView.swift */,
				FE4CE95E2723FD6E00FC37D0 /* TracksInteractor.swift */,
				FE4CE9602723FD7A00FC37D0 /* TracksPresenter.swift */,
				FE4CE9622723FD9200FC37D0 /* TracksRouter.swift */,
				FE4CE96427242D0A00FC37D0 /* TracksTableViewCell.swift */,
			);
			path = TracksView;
			sourceTree = "<group>";
		};
		FE4CE96B27247EAF00FC37D0 /* Entity */ = {
			isa = PBXGroup;
			children = (
				FE4CE95C2723FD1300FC37D0 /* ModelTracks.swift */,
				FE4CE9552723811800FC37D0 /* ModelAlbum.swift */,
				FE4CE96C27247EE300FC37D0 /* ModelManager.swift */,
				FE4CE96E27247EFF00FC37D0 /* ModelHistory.swift */,
				FE2FD3AA2725A5460090A5C3 /* ModelRequestForHistory.swift */,
				FEB4F4822AB10836000EA035 /* ModelUser.swift */,
			);
			path = Entity;
			sourceTree = "<group>";
		};
		FEB4F4742AB0FA0B000EA035 /* UI */ = {
			isa = PBXGroup;
			children = (
				FEB4F4842AB1103C000EA035 /* SpecialView */,
				FEB4F47B2AB0FA71000EA035 /* AuthView */,
				FEB4F4792AB0FA51000EA035 /* LaunchScreen */,
				FEB4F4782AB0FA40000EA035 /* RootView */,
				FE4CE9572723FC4100FC37D0 /* TracksView */,
				FE4CE94127237DA500FC37D0 /* HistoryView */,
				FE4CE93627237B0E00FC37D0 /* SearchView */,
			);
			path = UI;
			sourceTree = "<group>";
		};
		FEB4F4752AB0FA1A000EA035 /* Domain */ = {
			isa = PBXGroup;
			children = (
				FEB4F47A2AB0FA5F000EA035 /* Assets */,
				FE4CE96B27247EAF00FC37D0 /* Entity */,
			);
			path = Domain;
			sourceTree = "<group>";
		};
		FEB4F4762AB0FA24000EA035 /* Api Manager */ = {
			isa = PBXGroup;
			children = (
				FE4CE953272380DF00FC37D0 /* Network.swift */,
			);
			path = "Api Manager";
			sourceTree = "<group>";
		};
		FEB4F4772AB0FA31000EA035 /* App */ = {
			isa = PBXGroup;
			children = (
				FE4CE92227237A0A00FC37D0 /* AppDelegate.swift */,
				FE4CE92427237A0A00FC37D0 /* SceneDelegate.swift */,
			);
			path = App;
			sourceTree = "<group>";
		};
		FEB4F4782AB0FA40000EA035 /* RootView */ = {
			isa = PBXGroup;
			children = (
				FE4CE92627237A0A00FC37D0 /* RootViewController.swift */,
			);
			path = RootView;
			sourceTree = "<group>";
		};
		FEB4F4792AB0FA51000EA035 /* LaunchScreen */ = {
			isa = PBXGroup;
			children = (
				FE4CE92D27237A1100FC37D0 /* LaunchScreen.storyboard */,
			);
			path = LaunchScreen;
			sourceTree = "<group>";
		};
		FEB4F47A2AB0FA5F000EA035 /* Assets */ = {
			isa = PBXGroup;
			children = (
				FE4CE92B27237A1100FC37D0 /* Assets.xcassets */,
			);
			path = Assets;
			sourceTree = "<group>";
		};
		FEB4F47B2AB0FA71000EA035 /* AuthView */ = {
			isa = PBXGroup;
			children = (
				FEB4F47C2AB0FA8A000EA035 /* AuthViewController.swift */,
				FEB4F47E2AB100A7000EA035 /* AuthRegConfiguration.swift */,
				FEB4F4802AB10161000EA035 /* AppCoordinator.swift */,
			);
			path = AuthView;
			sourceTree = "<group>";
		};
		FEB4F4842AB1103C000EA035 /* SpecialView */ = {
			isa = PBXGroup;
			children = (
				FEB4F48D2AB11295000EA035 /* SpecialCollectionViewCell */,
				FEB4F4852AB11050000EA035 /* SpecialViewController.swift */,
				FEB4F4872AB11083000EA035 /* SpecialInteractor.swift */,
				FEB4F4892AB110A7000EA035 /* SpecialPresenter.swift */,
				FEB4F48B2AB110C8000EA035 /* SpecialModule.swift */,
			);
			path = SpecialView;
			sourceTree = "<group>";
		};
		FEB4F48D2AB11295000EA035 /* SpecialCollectionViewCell */ = {
			isa = PBXGroup;
			children = (
				FEB4F48E2AB112AE000EA035 /* SpecialCollectionViewCell.swift */,
			);
			path = SpecialCollectionViewCell;
			sourceTree = "<group>";
		};
/* End PBXGroup section */

/* Begin PBXNativeTarget section */
		FE4CE91E27237A0A00FC37D0 /* Fora Soft Test */ = {
			isa = PBXNativeTarget;
			buildConfigurationList = FE4CE93327237A1100FC37D0 /* Build configuration list for PBXNativeTarget "Fora Soft Test" */;
			buildPhases = (
				FE4CE91B27237A0A00FC37D0 /* Sources */,
				FE4CE91C27237A0A00FC37D0 /* Frameworks */,
				FE4CE91D27237A0A00FC37D0 /* Resources */,
			);
			buildRules = (
			);
			dependencies = (
			);
			name = "Fora Soft Test";
			packageProductDependencies = (
				FE4CE9502723806700FC37D0 /* SnapKit */,
				FE4CE96727247D0E00FC37D0 /* Realm */,
				FE4CE96927247D0E00FC37D0 /* RealmSwift */,
			);
			productName = "Fora Soft Test";
			productReference = FE4CE91F27237A0A00FC37D0 /* Fora Soft Test.app */;
			productType = "com.apple.product-type.application";
		};
/* End PBXNativeTarget section */

/* Begin PBXProject section */
		FE4CE91727237A0A00FC37D0 /* Project object */ = {
			isa = PBXProject;
			attributes = {
				BuildIndependentTargetsInParallel = 1;
				LastSwiftUpdateCheck = 1300;
				LastUpgradeCheck = 1300;
				TargetAttributes = {
					FE4CE91E27237A0A00FC37D0 = {
						CreatedOnToolsVersion = 13.0;
					};
				};
			};
			buildConfigurationList = FE4CE91A27237A0A00FC37D0 /* Build configuration list for PBXProject "Fora Soft Test" */;
			compatibilityVersion = "Xcode 13.0";
			developmentRegion = en;
			hasScannedForEncodings = 0;
			knownRegions = (
				en,
				Base,
			);
			mainGroup = FE4CE91627237A0A00FC37D0;
			packageReferences = (
				FE4CE94F2723806700FC37D0 /* XCRemoteSwiftPackageReference "SnapKit" */,
				FE4CE96627247D0E00FC37D0 /* XCRemoteSwiftPackageReference "realm-cocoa" */,
			);
			productRefGroup = FE4CE92027237A0A00FC37D0 /* Products */;
			projectDirPath = "";
			projectRoot = "";
			targets = (
				FE4CE91E27237A0A00FC37D0 /* Fora Soft Test */,
			);
		};
/* End PBXProject section */

/* Begin PBXResourcesBuildPhase section */
		FE4CE91D27237A0A00FC37D0 /* Resources */ = {
			isa = PBXResourcesBuildPhase;
			buildActionMask = 2147483647;
			files = (
				FE4CE92F27237A1100FC37D0 /* LaunchScreen.storyboard in Resources */,
				FE4CE92C27237A1100FC37D0 /* Assets.xcassets in Resources */,
				FE4CE92A27237A0A00FC37D0 /* Main.storyboard in Resources */,
			);
			runOnlyForDeploymentPostprocessing = 0;
		};
/* End PBXResourcesBuildPhase section */

/* Begin PBXSourcesBuildPhase section */
		FE4CE91B27237A0A00FC37D0 /* Sources */ = {
			isa = PBXSourcesBuildPhase;
			buildActionMask = 2147483647;
			files = (
				FE4CE95F2723FD6E00FC37D0 /* TracksInteractor.swift in Sources */,
				FE4CE95B2723FC9700FC37D0 /* ModuleTracksView.swift in Sources */,
				FE2FD3AB2725A5460090A5C3 /* ModelRequestForHistory.swift in Sources */,
				FE4CE9632723FD9200FC37D0 /* TracksRouter.swift in Sources */,
				FE4CE94727237DEC00FC37D0 /* HistoryPresenter.swift in Sources */,
				FEB4F47F2AB100A7000EA035 /* AuthRegConfiguration.swift in Sources */,
				FE4CE9592723FC6E00FC37D0 /* TracksViewController.swift in Sources */,
				FEB4F48F2AB112AE000EA035 /* SpecialCollectionViewCell.swift in Sources */,
				FE4CE94B27237E0400FC37D0 /* HistoryModule.swift in Sources */,
				FEB4F4812AB10161000EA035 /* AppCoordinator.swift in Sources */,
				FEB4F47D2AB0FA8A000EA035 /* AuthViewController.swift in Sources */,
				FE4CE94927237DF900FC37D0 /* HistoryRouter.swift in Sources */,
				FEB4F48C2AB110C8000EA035 /* SpecialModule.swift in Sources */,
				FE4CE9612723FD7A00FC37D0 /* TracksPresenter.swift in Sources */,
				FEB4F4832AB10836000EA035 /* ModelUser.swift in Sources */,
				FEB4F4862AB11050000EA035 /* SpecialViewController.swift in Sources */,
				FEB4F4882AB11083000EA035 /* SpecialInteractor.swift in Sources */,
				FE4CE92727237A0A00FC37D0 /* RootViewController.swift in Sources */,
				FE4CE94027237B8400FC37D0 /* SearchModule.swift in Sources */,
				FE4CE954272380E000FC37D0 /* Network.swift in Sources */,
				FE4CE92327237A0A00FC37D0 /* AppDelegate.swift in Sources */,
				FE4CE94E2723802C00FC37D0 /* AlbumsCollectionViewCell.swift in Sources */,
				FE4CE96F27247EFF00FC37D0 /* ModelHistory.swift in Sources */,
				FE4CE93C27237B6300FC37D0 /* SearchPresenter.swift in Sources */,
				FE4CE93E27237B7500FC37D0 /* SearchRouter.swift in Sources */,
				FE4CE93A27237B4B00FC37D0 /* SearchInteractor.swift in Sources */,
				FE4CE94327237DCE00FC37D0 /* HistoryViewController.swift in Sources */,
				FE4CE96D27247EE300FC37D0 /* ModelManager.swift in Sources */,
				FE4CE94527237DDF00FC37D0 /* HistoryInteractor.swift in Sources */,
				FE4CE9562723811800FC37D0 /* ModelAlbum.swift in Sources */,
				FE4CE93827237B2800FC37D0 /* SearchViewController.swift in Sources */,
				FEB4F48A2AB110A7000EA035 /* SpecialPresenter.swift in Sources */,
				FE4CE96527242D0A00FC37D0 /* TracksTableViewCell.swift in Sources */,
				FE4CE92527237A0A00FC37D0 /* SceneDelegate.swift in Sources */,
				FE4CE95D2723FD1300FC37D0 /* ModelTracks.swift in Sources */,
			);
			runOnlyForDeploymentPostprocessing = 0;
		};
/* End PBXSourcesBuildPhase section */

/* Begin PBXVariantGroup section */
		FE4CE92827237A0A00FC37D0 /* Main.storyboard */ = {
			isa = PBXVariantGroup;
			children = (
				FE4CE92927237A0A00FC37D0 /* Base */,
			);
			name = Main.storyboard;
			sourceTree = "<group>";
		};
		FE4CE92D27237A1100FC37D0 /* LaunchScreen.storyboard */ = {
			isa = PBXVariantGroup;
			children = (
				FE4CE92E27237A1100FC37D0 /* Base */,
			);
			name = LaunchScreen.storyboard;
			sourceTree = "<group>";
		};
/* End PBXVariantGroup section */

/* Begin XCBuildConfiguration section */
		FE4CE93127237A1100FC37D0 /* Debug */ = {
			isa = XCBuildConfiguration;
			buildSettings = {
				ALWAYS_SEARCH_USER_PATHS = NO;
				CLANG_ANALYZER_NONNULL = YES;
				CLANG_ANALYZER_NUMBER_OBJECT_CONVERSION = YES_AGGRESSIVE;
				CLANG_CXX_LANGUAGE_STANDARD = "gnu++17";
				CLANG_CXX_LIBRARY = "libc++";
				CLANG_ENABLE_MODULES = YES;
				CLANG_ENABLE_OBJC_ARC = YES;
				CLANG_ENABLE_OBJC_WEAK = YES;
				CLANG_WARN_BLOCK_CAPTURE_AUTORELEASING = YES;
				CLANG_WARN_BOOL_CONVERSION = YES;
				CLANG_WARN_COMMA = YES;
				CLANG_WARN_CONSTANT_CONVERSION = YES;
				CLANG_WARN_DEPRECATED_OBJC_IMPLEMENTATIONS = YES;
				CLANG_WARN_DIRECT_OBJC_ISA_USAGE = YES_ERROR;
				CLANG_WARN_DOCUMENTATION_COMMENTS = YES;
				CLANG_WARN_EMPTY_BODY = YES;
				CLANG_WARN_ENUM_CONVERSION = YES;
				CLANG_WARN_INFINITE_RECURSION = YES;
				CLANG_WARN_INT_CONVERSION = YES;
				CLANG_WARN_NON_LITERAL_NULL_CONVERSION = YES;
				CLANG_WARN_OBJC_IMPLICIT_RETAIN_SELF = YES;
				CLANG_WARN_OBJC_LITERAL_CONVERSION = YES;
				CLANG_WARN_OBJC_ROOT_CLASS = YES_ERROR;
				CLANG_WARN_QUOTED_INCLUDE_IN_FRAMEWORK_HEADER = YES;
				CLANG_WARN_RANGE_LOOP_ANALYSIS = YES;
				CLANG_WARN_STRICT_PROTOTYPES = YES;
				CLANG_WARN_SUSPICIOUS_MOVE = YES;
				CLANG_WARN_UNGUARDED_AVAILABILITY = YES_AGGRESSIVE;
				CLANG_WARN_UNREACHABLE_CODE = YES;
				CLANG_WARN__DUPLICATE_METHOD_MATCH = YES;
				COPY_PHASE_STRIP = NO;
				DEBUG_INFORMATION_FORMAT = dwarf;
				ENABLE_STRICT_OBJC_MSGSEND = YES;
				ENABLE_TESTABILITY = YES;
				GCC_C_LANGUAGE_STANDARD = gnu11;
				GCC_DYNAMIC_NO_PIC = NO;
				GCC_NO_COMMON_BLOCKS = YES;
				GCC_OPTIMIZATION_LEVEL = 0;
				GCC_PREPROCESSOR_DEFINITIONS = (
					"DEBUG=1",
					"$(inherited)",
				);
				GCC_WARN_64_TO_32_BIT_CONVERSION = YES;
				GCC_WARN_ABOUT_RETURN_TYPE = YES_ERROR;
				GCC_WARN_UNDECLARED_SELECTOR = YES;
				GCC_WARN_UNINITIALIZED_AUTOS = YES_AGGRESSIVE;
				GCC_WARN_UNUSED_FUNCTION = YES;
				GCC_WARN_UNUSED_VARIABLE = YES;
				IPHONEOS_DEPLOYMENT_TARGET = 15.0;
				MTL_ENABLE_DEBUG_INFO = INCLUDE_SOURCE;
				MTL_FAST_MATH = YES;
				ONLY_ACTIVE_ARCH = YES;
				SDKROOT = iphoneos;
				SWIFT_ACTIVE_COMPILATION_CONDITIONS = DEBUG;
				SWIFT_OPTIMIZATION_LEVEL = "-Onone";
			};
			name = Debug;
		};
		FE4CE93227237A1100FC37D0 /* Release */ = {
			isa = XCBuildConfiguration;
			buildSettings = {
				ALWAYS_SEARCH_USER_PATHS = NO;
				CLANG_ANALYZER_NONNULL = YES;
				CLANG_ANALYZER_NUMBER_OBJECT_CONVERSION = YES_AGGRESSIVE;
				CLANG_CXX_LANGUAGE_STANDARD = "gnu++17";
				CLANG_CXX_LIBRARY = "libc++";
				CLANG_ENABLE_MODULES = YES;
				CLANG_ENABLE_OBJC_ARC = YES;
				CLANG_ENABLE_OBJC_WEAK = YES;
				CLANG_WARN_BLOCK_CAPTURE_AUTORELEASING = YES;
				CLANG_WARN_BOOL_CONVERSION = YES;
				CLANG_WARN_COMMA = YES;
				CLANG_WARN_CONSTANT_CONVERSION = YES;
				CLANG_WARN_DEPRECATED_OBJC_IMPLEMENTATIONS = YES;
				CLANG_WARN_DIRECT_OBJC_ISA_USAGE = YES_ERROR;
				CLANG_WARN_DOCUMENTATION_COMMENTS = YES;
				CLANG_WARN_EMPTY_BODY = YES;
				CLANG_WARN_ENUM_CONVERSION = YES;
				CLANG_WARN_INFINITE_RECURSION = YES;
				CLANG_WARN_INT_CONVERSION = YES;
				CLANG_WARN_NON_LITERAL_NULL_CONVERSION = YES;
				CLANG_WARN_OBJC_IMPLICIT_RETAIN_SELF = YES;
				CLANG_WARN_OBJC_LITERAL_CONVERSION = YES;
				CLANG_WARN_OBJC_ROOT_CLASS = YES_ERROR;
				CLANG_WARN_QUOTED_INCLUDE_IN_FRAMEWORK_HEADER = YES;
				CLANG_WARN_RANGE_LOOP_ANALYSIS = YES;
				CLANG_WARN_STRICT_PROTOTYPES = YES;
				CLANG_WARN_SUSPICIOUS_MOVE = YES;
				CLANG_WARN_UNGUARDED_AVAILABILITY = YES_AGGRESSIVE;
				CLANG_WARN_UNREACHABLE_CODE = YES;
				CLANG_WARN__DUPLICATE_METHOD_MATCH = YES;
				COPY_PHASE_STRIP = NO;
				DEBUG_INFORMATION_FORMAT = "dwarf-with-dsym";
				ENABLE_NS_ASSERTIONS = NO;
				ENABLE_STRICT_OBJC_MSGSEND = YES;
				GCC_C_LANGUAGE_STANDARD = gnu11;
				GCC_NO_COMMON_BLOCKS = YES;
				GCC_WARN_64_TO_32_BIT_CONVERSION = YES;
				GCC_WARN_ABOUT_RETURN_TYPE = YES_ERROR;
				GCC_WARN_UNDECLARED_SELECTOR = YES;
				GCC_WARN_UNINITIALIZED_AUTOS = YES_AGGRESSIVE;
				GCC_WARN_UNUSED_FUNCTION = YES;
				GCC_WARN_UNUSED_VARIABLE = YES;
				IPHONEOS_DEPLOYMENT_TARGET = 15.0;
				MTL_ENABLE_DEBUG_INFO = NO;
				MTL_FAST_MATH = YES;
				SDKROOT = iphoneos;
				SWIFT_COMPILATION_MODE = wholemodule;
				SWIFT_OPTIMIZATION_LEVEL = "-O";
				VALIDATE_PRODUCT = YES;
			};
			name = Release;
		};
		FE4CE93427237A1100FC37D0 /* Debug */ = {
			isa = XCBuildConfiguration;
			buildSettings = {
				ASSETCATALOG_COMPILER_APPICON_NAME = AppIcon;
				ASSETCATALOG_COMPILER_GLOBAL_ACCENT_COLOR_NAME = AccentColor;
				CODE_SIGN_STYLE = Automatic;
				CURRENT_PROJECT_VERSION = 1;
				DEVELOPMENT_TEAM = T35K332T8K;
				GENERATE_INFOPLIST_FILE = YES;
				INFOPLIST_FILE = "Fora Soft Test/Info.plist";
				INFOPLIST_KEY_UIApplicationSupportsIndirectInputEvents = YES;
				INFOPLIST_KEY_UILaunchStoryboardName = LaunchScreen;
				INFOPLIST_KEY_UIMainStoryboardFile = Main;
				INFOPLIST_KEY_UISupportedInterfaceOrientations_iPad = "UIInterfaceOrientationPortrait UIInterfaceOrientationPortraitUpsideDown UIInterfaceOrientationLandscapeLeft UIInterfaceOrientationLandscapeRight";
				INFOPLIST_KEY_UISupportedInterfaceOrientations_iPhone = "UIInterfaceOrientationPortrait UIInterfaceOrientationLandscapeLeft UIInterfaceOrientationLandscapeRight";
				LD_RUNPATH_SEARCH_PATHS = (
					"$(inherited)",
					"@executable_path/Frameworks",
				);
				MARKETING_VERSION = 1.0;
				PRODUCT_BUNDLE_IDENTIFIER = "BDA7.Fora-Soft-Test";
				PRODUCT_NAME = "$(TARGET_NAME)";
				SWIFT_EMIT_LOC_STRINGS = YES;
				SWIFT_VERSION = 5.0;
				TARGETED_DEVICE_FAMILY = "1,2";
			};
			name = Debug;
		};
		FE4CE93527237A1100FC37D0 /* Release */ = {
			isa = XCBuildConfiguration;
			buildSettings = {
				ASSETCATALOG_COMPILER_APPICON_NAME = AppIcon;
				ASSETCATALOG_COMPILER_GLOBAL_ACCENT_COLOR_NAME = AccentColor;
				CODE_SIGN_STYLE = Automatic;
				CURRENT_PROJECT_VERSION = 1;
				DEVELOPMENT_TEAM = T35K332T8K;
				GENERATE_INFOPLIST_FILE = YES;
				INFOPLIST_FILE = "Fora Soft Test/Info.plist";
				INFOPLIST_KEY_UIApplicationSupportsIndirectInputEvents = YES;
				INFOPLIST_KEY_UILaunchStoryboardName = LaunchScreen;
				INFOPLIST_KEY_UIMainStoryboardFile = Main;
				INFOPLIST_KEY_UISupportedInterfaceOrientations_iPad = "UIInterfaceOrientationPortrait UIInterfaceOrientationPortraitUpsideDown UIInterfaceOrientationLandscapeLeft UIInterfaceOrientationLandscapeRight";
				INFOPLIST_KEY_UISupportedInterfaceOrientations_iPhone = "UIInterfaceOrientationPortrait UIInterfaceOrientationLandscapeLeft UIInterfaceOrientationLandscapeRight";
				LD_RUNPATH_SEARCH_PATHS = (
					"$(inherited)",
					"@executable_path/Frameworks",
				);
				MARKETING_VERSION = 1.0;
				PRODUCT_BUNDLE_IDENTIFIER = "BDA7.Fora-Soft-Test";
				PRODUCT_NAME = "$(TARGET_NAME)";
				SWIFT_EMIT_LOC_STRINGS = YES;
				SWIFT_VERSION = 5.0;
				TARGETED_DEVICE_FAMILY = "1,2";
			};
			name = Release;
		};
/* End XCBuildConfiguration section */

/* Begin XCConfigurationList section */
		FE4CE91A27237A0A00FC37D0 /* Build configuration list for PBXProject "Fora Soft Test" */ = {
			isa = XCConfigurationList;
			buildConfigurations = (
				FE4CE93127237A1100FC37D0 /* Debug */,
				FE4CE93227237A1100FC37D0 /* Release */,
			);
			defaultConfigurationIsVisible = 0;
			defaultConfigurationName = Release;
		};
		FE4CE93327237A1100FC37D0 /* Build configuration list for PBXNativeTarget "Fora Soft Test" */ = {
			isa = XCConfigurationList;
			buildConfigurations = (
				FE4CE93427237A1100FC37D0 /* Debug */,
				FE4CE93527237A1100FC37D0 /* Release */,
			);
			defaultConfigurationIsVisible = 0;
			defaultConfigurationName = Release;
		};
/* End XCConfigurationList section */

/* Begin XCRemoteSwiftPackageReference section */
		FE4CE94F2723806700FC37D0 /* XCRemoteSwiftPackageReference "SnapKit" */ = {
			isa = XCRemoteSwiftPackageReference;
			repositoryURL = "https://github.com/SnapKit/SnapKit";
			requirement = {
				kind = upToNextMajorVersion;
				minimumVersion = 5.0.0;
			};
		};
		FE4CE96627247D0E00FC37D0 /* XCRemoteSwiftPackageReference "realm-cocoa" */ = {
			isa = XCRemoteSwiftPackageReference;
			repositoryURL = "https://github.com/realm/realm-cocoa";
			requirement = {
				kind = upToNextMajorVersion;
				minimumVersion = 5.0.0;
			};
		};
/* End XCRemoteSwiftPackageReference section */

/* Begin XCSwiftPackageProductDependency section */
		FE4CE9502723806700FC37D0 /* SnapKit */ = {
			isa = XCSwiftPackageProductDependency;
			package = FE4CE94F2723806700FC37D0 /* XCRemoteSwiftPackageReference "SnapKit" */;
			productName = SnapKit;
		};
		FE4CE96727247D0E00FC37D0 /* Realm */ = {
			isa = XCSwiftPackageProductDependency;
			package = FE4CE96627247D0E00FC37D0 /* XCRemoteSwiftPackageReference "realm-cocoa" */;
			productName = Realm;
		};
		FE4CE96927247D0E00FC37D0 /* RealmSwift */ = {
			isa = XCSwiftPackageProductDependency;
			package = FE4CE96627247D0E00FC37D0 /* XCRemoteSwiftPackageReference "realm-cocoa" */;
			productName = RealmSwift;
		};
/* End XCSwiftPackageProductDependency section */
	};
	rootObject = FE4CE91727237A0A00FC37D0 /* Project object */;
}
